// !$*UTF8*$!
{
	archiveVersion = 1;
	classes = {
	};
	objectVersion = 46;
	objects = {

/* Begin PBXBuildFile section */
		8627C4F21CF585F70030DA60 /* RefreshView.framework in Frameworks */ = {isa = PBXBuildFile; fileRef = 8627C4F11CF585F70030DA60 /* RefreshView.framework */; };
		8627C4F31CF585F70030DA60 /* RefreshView.framework in Embed Frameworks */ = {isa = PBXBuildFile; fileRef = 8627C4F11CF585F70030DA60 /* RefreshView.framework */; settings = {ATTRIBUTES = (CodeSignOnCopy, RemoveHeadersOnCopy, ); }; };
		8697BC1D1CCE08C100E12544 /* UIViewControllerDemo.swift in Sources */ = {isa = PBXBuildFile; fileRef = 8697BC1C1CCE08C100E12544 /* UIViewControllerDemo.swift */; };
		86DB9A9E1C995D3D00D24304 /* FourCollectionViewController.swift in Sources */ = {isa = PBXBuildFile; fileRef = 86DB9A9D1C995D3C00D24304 /* FourCollectionViewController.swift */; };
		86ECCB2E1C97F535008A6D58 /* AppDelegate.swift in Sources */ = {isa = PBXBuildFile; fileRef = 86ECCB2D1C97F535008A6D58 /* AppDelegate.swift */; };
		86ECCB331C97F535008A6D58 /* Main.storyboard in Resources */ = {isa = PBXBuildFile; fileRef = 86ECCB311C97F535008A6D58 /* Main.storyboard */; };
		86ECCB351C97F535008A6D58 /* Assets.xcassets in Resources */ = {isa = PBXBuildFile; fileRef = 86ECCB341C97F535008A6D58 /* Assets.xcassets */; };
		86ECCB381C97F535008A6D58 /* LaunchScreen.storyboard in Resources */ = {isa = PBXBuildFile; fileRef = 86ECCB361C97F535008A6D58 /* LaunchScreen.storyboard */; };
		86ECCB4B1C97F595008A6D58 /* SecondViewController.swift in Sources */ = {isa = PBXBuildFile; fileRef = 86ECCB491C97F595008A6D58 /* SecondViewController.swift */; };
/* End PBXBuildFile section */

/* Begin PBXCopyFilesBuildPhase section */
		86ECCB481C97F57A008A6D58 /* Embed Frameworks */ = {
			isa = PBXCopyFilesBuildPhase;
			buildActionMask = 2147483647;
			dstPath = "";
			dstSubfolderSpec = 10;
			files = (
				8627C4F31CF585F70030DA60 /* RefreshView.framework in Embed Frameworks */,
			);
			name = "Embed Frameworks";
			runOnlyForDeploymentPostprocessing = 0;
		};
/* End PBXCopyFilesBuildPhase section */

/* Begin PBXFileReference section */
		8627C4F11CF585F70030DA60 /* RefreshView.framework */ = {isa = PBXFileReference; explicitFileType = wrapper.framework; name = RefreshView.framework; path = "/Users/zouliangming/Library/Developer/Xcode/DerivedData/RefreshView-dtsrjnkkbxmtcgclwbhtjeiphbqu/Build/Products/Debug-iphonesimulator/RefreshView.framework"; sourceTree = "<absolute>"; };
		8697BC1C1CCE08C100E12544 /* UIViewControllerDemo.swift */ = {isa = PBXFileReference; fileEncoding = 4; lastKnownFileType = sourcecode.swift; path = UIViewControllerDemo.swift; sourceTree = "<group>"; };
		86DB9A9D1C995D3C00D24304 /* FourCollectionViewController.swift */ = {isa = PBXFileReference; fileEncoding = 4; lastKnownFileType = sourcecode.swift; path = FourCollectionViewController.swift; sourceTree = "<group>"; };
		86ECCB2A1C97F535008A6D58 /* RefreshDemo.app */ = {isa = PBXFileReference; explicitFileType = wrapper.application; includeInIndex = 0; path = RefreshDemo.app; sourceTree = BUILT_PRODUCTS_DIR; };
		86ECCB2D1C97F535008A6D58 /* AppDelegate.swift */ = {isa = PBXFileReference; lastKnownFileType = sourcecode.swift; path = AppDelegate.swift; sourceTree = "<group>"; };
		86ECCB321C97F535008A6D58 /* Base */ = {isa = PBXFileReference; lastKnownFileType = file.storyboard; name = Base; path = Base.lproj/Main.storyboard; sourceTree = "<group>"; };
		86ECCB341C97F535008A6D58 /* Assets.xcassets */ = {isa = PBXFileReference; lastKnownFileType = folder.assetcatalog; path = Assets.xcassets; sourceTree = "<group>"; };
		86ECCB371C97F535008A6D58 /* Base */ = {isa = PBXFileReference; lastKnownFileType = file.storyboard; name = Base; path = Base.lproj/LaunchScreen.storyboard; sourceTree = "<group>"; };
		86ECCB391C97F535008A6D58 /* Info.plist */ = {isa = PBXFileReference; lastKnownFileType = text.plist.xml; path = Info.plist; sourceTree = "<group>"; };
		86ECCB491C97F595008A6D58 /* SecondViewController.swift */ = {isa = PBXFileReference; fileEncoding = 4; lastKnownFileType = sourcecode.swift; path = SecondViewController.swift; sourceTree = "<group>"; };
/* End PBXFileReference section */

/* Begin PBXFrameworksBuildPhase section */
		86ECCB271C97F535008A6D58 /* Frameworks */ = {
			isa = PBXFrameworksBuildPhase;
			buildActionMask = 2147483647;
			files = (
				8627C4F21CF585F70030DA60 /* RefreshView.framework in Frameworks */,
			);
			runOnlyForDeploymentPostprocessing = 0;
		};
/* End PBXFrameworksBuildPhase section */

/* Begin PBXGroup section */
		86ECCB211C97F535008A6D58 = {
			isa = PBXGroup;
			children = (
				8627C4F11CF585F70030DA60 /* RefreshView.framework */,
				86ECCB2C1C97F535008A6D58 /* RefreshDemo */,
				86ECCB2B1C97F535008A6D58 /* Products */,
			);
			sourceTree = "<group>";
		};
		86ECCB2B1C97F535008A6D58 /* Products */ = {
			isa = PBXGroup;
			children = (
				86ECCB2A1C97F535008A6D58 /* RefreshDemo.app */,
			);
			name = Products;
			sourceTree = "<group>";
		};
		86ECCB2C1C97F535008A6D58 /* RefreshDemo */ = {
			isa = PBXGroup;
			children = (
				86ECCB2D1C97F535008A6D58 /* AppDelegate.swift */,
				86ECCB491C97F595008A6D58 /* SecondViewController.swift */,
				86DB9A9D1C995D3C00D24304 /* FourCollectionViewController.swift */,
				8697BC1C1CCE08C100E12544 /* UIViewControllerDemo.swift */,
				86ECCB311C97F535008A6D58 /* Main.storyboard */,
				86ECCB341C97F535008A6D58 /* Assets.xcassets */,
				86ECCB361C97F535008A6D58 /* LaunchScreen.storyboard */,
				86ECCB391C97F535008A6D58 /* Info.plist */,
			);
			path = RefreshDemo;
			sourceTree = "<group>";
		};
/* End PBXGroup section */

/* Begin PBXNativeTarget section */
		86ECCB291C97F535008A6D58 /* RefreshDemo */ = {
			isa = PBXNativeTarget;
			buildConfigurationList = 86ECCB3C1C97F535008A6D58 /* Build configuration list for PBXNativeTarget "RefreshDemo" */;
			buildPhases = (
				86ECCB261C97F535008A6D58 /* Sources */,
				86ECCB271C97F535008A6D58 /* Frameworks */,
				86ECCB281C97F535008A6D58 /* Resources */,
				86ECCB481C97F57A008A6D58 /* Embed Frameworks */,
				86ECCB4D1C98015A008A6D58 /* ShellScript */,
			);
			buildRules = (
			);
			dependencies = (
			);
			name = RefreshDemo;
			productName = RefreshDemo;
			productReference = 86ECCB2A1C97F535008A6D58 /* RefreshDemo.app */;
			productType = "com.apple.product-type.application";
		};
/* End PBXNativeTarget section */

/* Begin PBXProject section */
		86ECCB221C97F535008A6D58 /* Project object */ = {
			isa = PBXProject;
			attributes = {
				LastSwiftUpdateCheck = 0720;
				LastUpgradeCheck = 0720;
				ORGANIZATIONNAME = ZouLiangming;
				TargetAttributes = {
					86ECCB291C97F535008A6D58 = {
						CreatedOnToolsVersion = 7.2.1;
					};
				};
			};
			buildConfigurationList = 86ECCB251C97F535008A6D58 /* Build configuration list for PBXProject "RefreshDemo" */;
			compatibilityVersion = "Xcode 3.2";
			developmentRegion = English;
			hasScannedForEncodings = 0;
			knownRegions = (
				en,
				Base,
			);
			mainGroup = 86ECCB211C97F535008A6D58;
			productRefGroup = 86ECCB2B1C97F535008A6D58 /* Products */;
			projectDirPath = "";
			projectRoot = "";
			targets = (
				86ECCB291C97F535008A6D58 /* RefreshDemo */,
			);
		};
/* End PBXProject section */

/* Begin PBXResourcesBuildPhase section */
		86ECCB281C97F535008A6D58 /* Resources */ = {
			isa = PBXResourcesBuildPhase;
			buildActionMask = 2147483647;
			files = (
				86ECCB381C97F535008A6D58 /* LaunchScreen.storyboard in Resources */,
				86ECCB351C97F535008A6D58 /* Assets.xcassets in Resources */,
				86ECCB331C97F535008A6D58 /* Main.storyboard in Resources */,
			);
			runOnlyForDeploymentPostprocessing = 0;
		};
/* End PBXResourcesBuildPhase section */

/* Begin PBXShellScriptBuildPhase section */
		86ECCB4D1C98015A008A6D58 /* ShellScript */ = {
			isa = PBXShellScriptBuildPhase;
			buildActionMask = 2147483647;
			files = (
			);
			inputPaths = (
			);
			outputPaths = (
			);
			runOnlyForDeploymentPostprocessing = 0;
			shellPath = /bin/sh;
			shellScript = "if which swiftlint >/dev/null; then\nswiftlint\nelse\necho \"warning: SwiftLint not installed, download from https://github.com/realm/SwiftLint\"\nfi";
		};
/* End PBXShellScriptBuildPhase section */

/* Begin PBXSourcesBuildPhase section */
		86ECCB261C97F535008A6D58 /* Sources */ = {
			isa = PBXSourcesBuildPhase;
			buildActionMask = 2147483647;
			files = (
				86ECCB4B1C97F595008A6D58 /* SecondViewController.swift in Sources */,
				8697BC1D1CCE08C100E12544 /* UIViewControllerDemo.swift in Sources */,
				86DB9A9E1C995D3D00D24304 /* FourCollectionViewController.swift in Sources */,
				86ECCB2E1C97F535008A6D58 /* AppDelegate.swift in Sources */,
			);
			runOnlyForDeploymentPostprocessing = 0;
		};
/* End PBXSourcesBuildPhase section */

/* Begin PBXVariantGroup section */
		86ECCB311C97F535008A6D58 /* Main.storyboard */ = {
			isa = PBXVariantGroup;
			children = (
				86ECCB321C97F535008A6D58 /* Base */,
			);
			name = Main.storyboard;
			sourceTree = "<group>";
		};
		86ECCB361C97F535008A6D58 /* LaunchScreen.storyboard */ = {
			isa = PBXVariantGroup;
			children = (
				86ECCB371C97F535008A6D58 /* Base */,
			);
			name = LaunchScreen.storyboard;
			sourceTree = "<group>";
		};
/* End PBXVariantGroup section */

/* Begin XCBuildConfiguration section */
		86ECCB3A1C97F535008A6D58 /* Debug */ = {
			isa = XCBuildConfiguration;
			buildSettings = {
				ALWAYS_SEARCH_USER_PATHS = NO;
				CLANG_CXX_LANGUAGE_STANDARD = "gnu++0x";
				CLANG_CXX_LIBRARY = "libc++";
				CLANG_ENABLE_MODULES = YES;
				CLANG_ENABLE_OBJC_ARC = YES;
				CLANG_WARN_BOOL_CONVERSION = YES;
				CLANG_WARN_CONSTANT_CONVERSION = YES;
				CLANG_WARN_DIRECT_OBJC_ISA_USAGE = YES_ERROR;
				CLANG_WARN_EMPTY_BODY = YES;
				CLANG_WARN_ENUM_CONVERSION = YES;
				CLANG_WARN_INT_CONVERSION = YES;
				CLANG_WARN_OBJC_ROOT_CLASS = YES_ERROR;
				CLANG_WARN_UNREACHABLE_CODE = YES;
				CLANG_WARN__DUPLICATE_METHOD_MATCH = YES;
				"CODE_SIGN_IDENTITY[sdk=iphoneos*]" = "iPhone Developer";
				COPY_PHASE_STRIP = NO;
				DEBUG_INFORMATION_FORMAT = dwarf;
				ENABLE_STRICT_OBJC_MSGSEND = YES;
				ENABLE_TESTABILITY = YES;
				GCC_C_LANGUAGE_STANDARD = gnu99;
				GCC_DYNAMIC_NO_PIC = NO;
				GCC_NO_COMMON_BLOCKS = YES;
				GCC_OPTIMIZATION_LEVEL = 0;
				GCC_PREPROCESSOR_DEFINITIONS = (
					"DEBUG=1",
					"$(inherited)",
				);
				GCC_WARN_64_TO_32_BIT_CONVERSION = YES;
				GCC_WARN_ABOUT_RETURN_TYPE = YES_ERROR;
				GCC_WARN_UNDECLARED_SELECTOR = YES;
				GCC_WARN_UNINITIALIZED_AUTOS = YES_AGGRESSIVE;
				GCC_WARN_UNUSED_FUNCTION = YES;
				GCC_WARN_UNUSED_VARIABLE = YES;
				IPHONEOS_DEPLOYMENT_TARGET = 9.2;
				MTL_ENABLE_DEBUG_INFO = YES;
				ONLY_ACTIVE_ARCH = YES;
				SDKROOT = iphoneos;
				SWIFT_OPTIMIZATION_LEVEL = "-Onone";
				TARGETED_DEVICE_FAMILY = "1,2";
			};
			name = Debug;
		};
		86ECCB3B1C97F535008A6D58 /* Release */ = {
			isa = XCBuildConfiguration;
			buildSettings = {
				ALWAYS_SEARCH_USER_PATHS = NO;
				CLANG_CXX_LANGUAGE_STANDARD = "gnu++0x";
				CLANG_CXX_LIBRARY = "libc++";
				CLANG_ENABLE_MODULES = YES;
				CLANG_ENABLE_OBJC_ARC = YES;
				CLANG_WARN_BOOL_CONVERSION = YES;
				CLANG_WARN_CONSTANT_CONVERSION = YES;
				CLANG_WARN_DIRECT_OBJC_ISA_USAGE = YES_ERROR;
				CLANG_WARN_EMPTY_BODY = YES;
				CLANG_WARN_ENUM_CONVERSION = YES;
				CLANG_WARN_INT_CONVERSION = YES;
				CLANG_WARN_OBJC_ROOT_CLASS = YES_ERROR;
				CLANG_WARN_UNREACHABLE_CODE = YES;
				CLANG_WARN__DUPLICATE_METHOD_MATCH = YES;
				"CODE_SIGN_IDENTITY[sdk=iphoneos*]" = "iPhone Developer";
				COPY_PHASE_STRIP = NO;
				DEBUG_INFORMATION_FORMAT = "dwarf-with-dsym";
				ENABLE_NS_ASSERTIONS = NO;
				ENABLE_STRICT_OBJC_MSGSEND = YES;
				GCC_C_LANGUAGE_STANDARD = gnu99;
				GCC_NO_COMMON_BLOCKS = YES;
				GCC_WARN_64_TO_32_BIT_CONVERSION = YES;
				GCC_WARN_ABOUT_RETURN_TYPE = YES_ERROR;
				GCC_WARN_UNDECLARED_SELECTOR = YES;
				GCC_WARN_UNINITIALIZED_AUTOS = YES_AGGRESSIVE;
				GCC_WARN_UNUSED_FUNCTION = YES;
				GCC_WARN_UNUSED_VARIABLE = YES;
				IPHONEOS_DEPLOYMENT_TARGET = 9.2;
				MTL_ENABLE_DEBUG_INFO = NO;
				SDKROOT = iphoneos;
				TARGETED_DEVICE_FAMILY = "1,2";
				VALIDATE_PRODUCT = YES;
			};
			name = Release;
		};
		86ECCB3D1C97F535008A6D58 /* Debug */ = {
			isa = XCBuildConfiguration;
			buildSettings = {
				ASSETCATALOG_COMPILER_APPICON_NAME = AppIcon;
				INFOPLIST_FILE = RefreshDemo/Info.plist;
				LD_RUNPATH_SEARCH_PATHS = "$(inherited) @executable_path/Frameworks";
				PRODUCT_BUNDLE_IDENTIFIER = com.sean.RefreshDemo;
				PRODUCT_NAME = "$(TARGET_NAME)";
			};
			name = Debug;
		};
		86ECCB3E1C97F535008A6D58 /* Release */ = {
			isa = XCBuildConfiguration;
			buildSettings = {
				ASSETCATALOG_COMPILER_APPICON_NAME = AppIcon;
				INFOPLIST_FILE = RefreshDemo/Info.plist;
				LD_RUNPATH_SEARCH_PATHS = "$(inherited) @executable_path/Frameworks";
				PRODUCT_BUNDLE_IDENTIFIER = com.sean.RefreshDemo;
				PRODUCT_NAME = "$(TARGET_NAME)";
			};
			name = Release;
		};
/* End XCBuildConfiguration section */

/* Begin XCConfigurationList section */
		86ECCB251C97F535008A6D58 /* Build configuration list for PBXProject "RefreshDemo" */ = {
			isa = XCConfigurationList;
			buildConfigurations = (
				86ECCB3A1C97F535008A6D58 /* Debug */,
				86ECCB3B1C97F535008A6D58 /* Release */,
			);
			defaultConfigurationIsVisible = 0;
			defaultConfigurationName = Release;
		};
		86ECCB3C1C97F535008A6D58 /* Build configuration list for PBXNativeTarget "RefreshDemo" */ = {
			isa = XCConfigurationList;
			buildConfigurations = (
				86ECCB3D1C97F535008A6D58 /* Debug */,
				86ECCB3E1C97F535008A6D58 /* Release */,
			);
			defaultConfigurationIsVisible = 0;
			defaultConfigurationName = Release;
		};
/* End XCConfigurationList section */
	};
	rootObject = 86ECCB221C97F535008A6D58 /* Project object */;
}
