// !$*UTF8*$!
{
	archiveVersion = 1;
	classes = {
	};
	objectVersion = 46;
	objects = {

/* Begin PBXBuildFile section */
		EB055D9C1BDF490C00846C99 /* STTableBoard.swift in Sources */ = {isa = PBXBuildFile; fileRef = EB055D9B1BDF490C00846C99 /* STTableBoard.swift */; };
		EB4194781C02C2DA00D42DF0 /* UIViewExtension.swift in Sources */ = {isa = PBXBuildFile; fileRef = EB4194771C02C2DA00D42DF0 /* UIViewExtension.swift */; };
		EB6206861C05903F003171A0 /* STBoardView.swift in Sources */ = {isa = PBXBuildFile; fileRef = EB6206851C05903F003171A0 /* STBoardView.swift */; };
		EB6590271C06B141001D335B /* STBoardCell.swift in Sources */ = {isa = PBXBuildFile; fileRef = EB6590261C06B141001D335B /* STBoardCell.swift */; };
		EB6590291C06B9F2001D335B /* constant.swift in Sources */ = {isa = PBXBuildFile; fileRef = EB6590281C06B9F2001D335B /* constant.swift */; };
		EB721AF11C05B27200386D65 /* UIColor+ChineseColor.swift in Sources */ = {isa = PBXBuildFile; fileRef = EB721AF01C05B27200386D65 /* UIColor+ChineseColor.swift */; };
		EB9B3EE71C0598E7006DA5D9 /* BoardViewController.swift in Sources */ = {isa = PBXBuildFile; fileRef = EB9B3EE61C0598E7006DA5D9 /* BoardViewController.swift */; };
		EB9B3EE91C059FEC006DA5D9 /* STShadowTableView.swift in Sources */ = {isa = PBXBuildFile; fileRef = EB9B3EE81C059FEC006DA5D9 /* STShadowTableView.swift */; };
		EBB0AB861C04358A00B3DA5E /* STTableBoardDelegate.swift in Sources */ = {isa = PBXBuildFile; fileRef = EBB0AB851C04358A00B3DA5E /* STTableBoardDelegate.swift */; };
		EBB0AB8A1C0437C500B3DA5E /* STIndexPath.swift in Sources */ = {isa = PBXBuildFile; fileRef = EBB0AB891C0437C500B3DA5E /* STIndexPath.swift */; };
		EBB91D5B1BDCFA9C00C2DF3E /* AppDelegate.swift in Sources */ = {isa = PBXBuildFile; fileRef = EBB91D5A1BDCFA9C00C2DF3E /* AppDelegate.swift */; };
		EBB91D5D1BDCFA9C00C2DF3E /* ViewController.swift in Sources */ = {isa = PBXBuildFile; fileRef = EBB91D5C1BDCFA9C00C2DF3E /* ViewController.swift */; };
		EBB91D601BDCFA9C00C2DF3E /* Main.storyboard in Resources */ = {isa = PBXBuildFile; fileRef = EBB91D5E1BDCFA9C00C2DF3E /* Main.storyboard */; };
		EBB91D621BDCFA9C00C2DF3E /* Assets.xcassets in Resources */ = {isa = PBXBuildFile; fileRef = EBB91D611BDCFA9C00C2DF3E /* Assets.xcassets */; };
		EBB91D651BDCFA9C00C2DF3E /* LaunchScreen.storyboard in Resources */ = {isa = PBXBuildFile; fileRef = EBB91D631BDCFA9C00C2DF3E /* LaunchScreen.storyboard */; };
		EBB91D701BDCFA9C00C2DF3E /* STTableBoardTests.swift in Sources */ = {isa = PBXBuildFile; fileRef = EBB91D6F1BDCFA9C00C2DF3E /* STTableBoardTests.swift */; };
		EBB91D7B1BDCFA9C00C2DF3E /* STTableBoardUITests.swift in Sources */ = {isa = PBXBuildFile; fileRef = EBB91D7A1BDCFA9C00C2DF3E /* STTableBoardUITests.swift */; };
/* End PBXBuildFile section */

/* Begin PBXContainerItemProxy section */
		EBB91D6C1BDCFA9C00C2DF3E /* PBXContainerItemProxy */ = {
			isa = PBXContainerItemProxy;
			containerPortal = EBB91D4F1BDCFA9C00C2DF3E /* Project object */;
			proxyType = 1;
			remoteGlobalIDString = EBB91D561BDCFA9C00C2DF3E;
			remoteInfo = STTableBoard;
		};
		EBB91D771BDCFA9C00C2DF3E /* PBXContainerItemProxy */ = {
			isa = PBXContainerItemProxy;
			containerPortal = EBB91D4F1BDCFA9C00C2DF3E /* Project object */;
			proxyType = 1;
			remoteGlobalIDString = EBB91D561BDCFA9C00C2DF3E;
			remoteInfo = STTableBoard;
		};
/* End PBXContainerItemProxy section */

/* Begin PBXFileReference section */
		EB055D9B1BDF490C00846C99 /* STTableBoard.swift */ = {isa = PBXFileReference; fileEncoding = 4; lastKnownFileType = sourcecode.swift; path = STTableBoard.swift; sourceTree = "<group>"; };
		EB4194771C02C2DA00D42DF0 /* UIViewExtension.swift */ = {isa = PBXFileReference; fileEncoding = 4; lastKnownFileType = sourcecode.swift; path = UIViewExtension.swift; sourceTree = "<group>"; };
		EB6206851C05903F003171A0 /* STBoardView.swift */ = {isa = PBXFileReference; fileEncoding = 4; lastKnownFileType = sourcecode.swift; path = STBoardView.swift; sourceTree = "<group>"; };
		EB6590261C06B141001D335B /* STBoardCell.swift */ = {isa = PBXFileReference; fileEncoding = 4; lastKnownFileType = sourcecode.swift; path = STBoardCell.swift; sourceTree = "<group>"; };
		EB6590281C06B9F2001D335B /* constant.swift */ = {isa = PBXFileReference; fileEncoding = 4; lastKnownFileType = sourcecode.swift; path = constant.swift; sourceTree = "<group>"; };
		EB721AF01C05B27200386D65 /* UIColor+ChineseColor.swift */ = {isa = PBXFileReference; fileEncoding = 4; lastKnownFileType = sourcecode.swift; path = "UIColor+ChineseColor.swift"; sourceTree = "<group>"; };
		EB9B3EE61C0598E7006DA5D9 /* BoardViewController.swift */ = {isa = PBXFileReference; fileEncoding = 4; lastKnownFileType = sourcecode.swift; path = BoardViewController.swift; sourceTree = "<group>"; };
		EB9B3EE81C059FEC006DA5D9 /* STShadowTableView.swift */ = {isa = PBXFileReference; fileEncoding = 4; lastKnownFileType = sourcecode.swift; path = STShadowTableView.swift; sourceTree = "<group>"; };
		EBB0AB851C04358A00B3DA5E /* STTableBoardDelegate.swift */ = {isa = PBXFileReference; fileEncoding = 4; lastKnownFileType = sourcecode.swift; path = STTableBoardDelegate.swift; sourceTree = "<group>"; };
		EBB0AB891C0437C500B3DA5E /* STIndexPath.swift */ = {isa = PBXFileReference; fileEncoding = 4; lastKnownFileType = sourcecode.swift; path = STIndexPath.swift; sourceTree = "<group>"; };
		EBB91D571BDCFA9C00C2DF3E /* STTableBoard.app */ = {isa = PBXFileReference; explicitFileType = wrapper.application; includeInIndex = 0; path = STTableBoard.app; sourceTree = BUILT_PRODUCTS_DIR; };
		EBB91D5A1BDCFA9C00C2DF3E /* AppDelegate.swift */ = {isa = PBXFileReference; lastKnownFileType = sourcecode.swift; path = AppDelegate.swift; sourceTree = "<group>"; };
		EBB91D5C1BDCFA9C00C2DF3E /* ViewController.swift */ = {isa = PBXFileReference; lastKnownFileType = sourcecode.swift; path = ViewController.swift; sourceTree = "<group>"; };
		EBB91D5F1BDCFA9C00C2DF3E /* Base */ = {isa = PBXFileReference; lastKnownFileType = file.storyboard; name = Base; path = Base.lproj/Main.storyboard; sourceTree = "<group>"; };
		EBB91D611BDCFA9C00C2DF3E /* Assets.xcassets */ = {isa = PBXFileReference; lastKnownFileType = folder.assetcatalog; path = Assets.xcassets; sourceTree = "<group>"; };
		EBB91D641BDCFA9C00C2DF3E /* Base */ = {isa = PBXFileReference; lastKnownFileType = file.storyboard; name = Base; path = Base.lproj/LaunchScreen.storyboard; sourceTree = "<group>"; };
		EBB91D661BDCFA9C00C2DF3E /* Info.plist */ = {isa = PBXFileReference; lastKnownFileType = text.plist.xml; path = Info.plist; sourceTree = "<group>"; };
		EBB91D6B1BDCFA9C00C2DF3E /* STTableBoardTests.xctest */ = {isa = PBXFileReference; explicitFileType = wrapper.cfbundle; includeInIndex = 0; path = STTableBoardTests.xctest; sourceTree = BUILT_PRODUCTS_DIR; };
		EBB91D6F1BDCFA9C00C2DF3E /* STTableBoardTests.swift */ = {isa = PBXFileReference; lastKnownFileType = sourcecode.swift; path = STTableBoardTests.swift; sourceTree = "<group>"; };
		EBB91D711BDCFA9C00C2DF3E /* Info.plist */ = {isa = PBXFileReference; lastKnownFileType = text.plist.xml; path = Info.plist; sourceTree = "<group>"; };
		EBB91D761BDCFA9C00C2DF3E /* STTableBoardUITests.xctest */ = {isa = PBXFileReference; explicitFileType = wrapper.cfbundle; includeInIndex = 0; path = STTableBoardUITests.xctest; sourceTree = BUILT_PRODUCTS_DIR; };
		EBB91D7A1BDCFA9C00C2DF3E /* STTableBoardUITests.swift */ = {isa = PBXFileReference; lastKnownFileType = sourcecode.swift; path = STTableBoardUITests.swift; sourceTree = "<group>"; };
		EBB91D7C1BDCFA9C00C2DF3E /* Info.plist */ = {isa = PBXFileReference; lastKnownFileType = text.plist.xml; path = Info.plist; sourceTree = "<group>"; };
/* End PBXFileReference section */

/* Begin PBXFrameworksBuildPhase section */
		EBB91D541BDCFA9C00C2DF3E /* Frameworks */ = {
			isa = PBXFrameworksBuildPhase;
			buildActionMask = 2147483647;
			files = (
			);
			runOnlyForDeploymentPostprocessing = 0;
		};
		EBB91D681BDCFA9C00C2DF3E /* Frameworks */ = {
			isa = PBXFrameworksBuildPhase;
			buildActionMask = 2147483647;
			files = (
			);
			runOnlyForDeploymentPostprocessing = 0;
		};
		EBB91D731BDCFA9C00C2DF3E /* Frameworks */ = {
			isa = PBXFrameworksBuildPhase;
			buildActionMask = 2147483647;
			files = (
			);
			runOnlyForDeploymentPostprocessing = 0;
		};
/* End PBXFrameworksBuildPhase section */

/* Begin PBXGroup section */
		EB4194741C02B10200D42DF0 /* Extensions */ = {
			isa = PBXGroup;
			children = (
				EB4194771C02C2DA00D42DF0 /* UIViewExtension.swift */,
				EB721AF01C05B27200386D65 /* UIColor+ChineseColor.swift */,
			);
			name = Extensions;
			sourceTree = "<group>";
		};
		EB6590251C06B119001D335B /* ViewControllers */ = {
			isa = PBXGroup;
			children = (
				EB055D9B1BDF490C00846C99 /* STTableBoard.swift */,
			);
			name = ViewControllers;
			sourceTree = "<group>";
		};
		EBB0AB871C04372A00B3DA5E /* Protocols */ = {
			isa = PBXGroup;
			children = (
				EBB0AB851C04358A00B3DA5E /* STTableBoardDelegate.swift */,
			);
			name = Protocols;
			sourceTree = "<group>";
		};
		EBB0AB881C0437A100B3DA5E /* Classes */ = {
			isa = PBXGroup;
			children = (
				EBB0AB891C0437C500B3DA5E /* STIndexPath.swift */,
				EB6590281C06B9F2001D335B /* constant.swift */,
			);
			name = Classes;
			sourceTree = "<group>";
		};
		EBB91D4E1BDCFA9C00C2DF3E = {
			isa = PBXGroup;
			children = (
				EBB91D591BDCFA9C00C2DF3E /* STTableBoard */,
				EBB91D6E1BDCFA9C00C2DF3E /* STTableBoardTests */,
				EBB91D791BDCFA9C00C2DF3E /* STTableBoardUITests */,
				EBB91D581BDCFA9C00C2DF3E /* Products */,
			);
			sourceTree = "<group>";
		};
		EBB91D581BDCFA9C00C2DF3E /* Products */ = {
			isa = PBXGroup;
			children = (
				EBB91D571BDCFA9C00C2DF3E /* STTableBoard.app */,
				EBB91D6B1BDCFA9C00C2DF3E /* STTableBoardTests.xctest */,
				EBB91D761BDCFA9C00C2DF3E /* STTableBoardUITests.xctest */,
			);
			name = Products;
			sourceTree = "<group>";
		};
		EBB91D591BDCFA9C00C2DF3E /* STTableBoard */ = {
			isa = PBXGroup;
			children = (
				EB6590251C06B119001D335B /* ViewControllers */,
				EBB0AB881C0437A100B3DA5E /* Classes */,
				EBB0AB871C04372A00B3DA5E /* Protocols */,
				EB4194741C02B10200D42DF0 /* Extensions */,
				EBCC59D81BDD03DB00AB522D /* Views */,
				EBB91D5A1BDCFA9C00C2DF3E /* AppDelegate.swift */,
				EBB91D5C1BDCFA9C00C2DF3E /* ViewController.swift */,
				EB9B3EE61C0598E7006DA5D9 /* BoardViewController.swift */,
				EBB91D5E1BDCFA9C00C2DF3E /* Main.storyboard */,
				EBB91D611BDCFA9C00C2DF3E /* Assets.xcassets */,
				EBB91D631BDCFA9C00C2DF3E /* LaunchScreen.storyboard */,
				EBB91D661BDCFA9C00C2DF3E /* Info.plist */,
			);
			path = STTableBoard;
			sourceTree = "<group>";
		};
		EBB91D6E1BDCFA9C00C2DF3E /* STTableBoardTests */ = {
			isa = PBXGroup;
			children = (
				EBB91D6F1BDCFA9C00C2DF3E /* STTableBoardTests.swift */,
				EBB91D711BDCFA9C00C2DF3E /* Info.plist */,
			);
			path = STTableBoardTests;
			sourceTree = "<group>";
		};
		EBB91D791BDCFA9C00C2DF3E /* STTableBoardUITests */ = {
			isa = PBXGroup;
			children = (
				EBB91D7A1BDCFA9C00C2DF3E /* STTableBoardUITests.swift */,
				EBB91D7C1BDCFA9C00C2DF3E /* Info.plist */,
			);
			path = STTableBoardUITests;
			sourceTree = "<group>";
		};
		EBCC59D81BDD03DB00AB522D /* Views */ = {
			isa = PBXGroup;
			children = (
				EB6206851C05903F003171A0 /* STBoardView.swift */,
				EB9B3EE81C059FEC006DA5D9 /* STShadowTableView.swift */,
				EB6590261C06B141001D335B /* STBoardCell.swift */,
			);
			name = Views;
			sourceTree = "<group>";
		};
/* End PBXGroup section */

/* Begin PBXNativeTarget section */
		EBB91D561BDCFA9C00C2DF3E /* STTableBoard */ = {
			isa = PBXNativeTarget;
			buildConfigurationList = EBB91D7F1BDCFA9C00C2DF3E /* Build configuration list for PBXNativeTarget "STTableBoard" */;
			buildPhases = (
				EBB91D531BDCFA9C00C2DF3E /* Sources */,
				EBB91D541BDCFA9C00C2DF3E /* Frameworks */,
				EBB91D551BDCFA9C00C2DF3E /* Resources */,
			);
			buildRules = (
			);
			dependencies = (
			);
			name = STTableBoard;
			productName = STTableBoard;
			productReference = EBB91D571BDCFA9C00C2DF3E /* STTableBoard.app */;
			productType = "com.apple.product-type.application";
		};
		EBB91D6A1BDCFA9C00C2DF3E /* STTableBoardTests */ = {
			isa = PBXNativeTarget;
			buildConfigurationList = EBB91D821BDCFA9C00C2DF3E /* Build configuration list for PBXNativeTarget "STTableBoardTests" */;
			buildPhases = (
				EBB91D671BDCFA9C00C2DF3E /* Sources */,
				EBB91D681BDCFA9C00C2DF3E /* Frameworks */,
				EBB91D691BDCFA9C00C2DF3E /* Resources */,
			);
			buildRules = (
			);
			dependencies = (
				EBB91D6D1BDCFA9C00C2DF3E /* PBXTargetDependency */,
			);
			name = STTableBoardTests;
			productName = STTableBoardTests;
			productReference = EBB91D6B1BDCFA9C00C2DF3E /* STTableBoardTests.xctest */;
			productType = "com.apple.product-type.bundle.unit-test";
		};
		EBB91D751BDCFA9C00C2DF3E /* STTableBoardUITests */ = {
			isa = PBXNativeTarget;
			buildConfigurationList = EBB91D851BDCFA9C00C2DF3E /* Build configuration list for PBXNativeTarget "STTableBoardUITests" */;
			buildPhases = (
				EBB91D721BDCFA9C00C2DF3E /* Sources */,
				EBB91D731BDCFA9C00C2DF3E /* Frameworks */,
				EBB91D741BDCFA9C00C2DF3E /* Resources */,
			);
			buildRules = (
			);
			dependencies = (
				EBB91D781BDCFA9C00C2DF3E /* PBXTargetDependency */,
			);
			name = STTableBoardUITests;
			productName = STTableBoardUITests;
			productReference = EBB91D761BDCFA9C00C2DF3E /* STTableBoardUITests.xctest */;
			productType = "com.apple.product-type.bundle.ui-testing";
		};
/* End PBXNativeTarget section */

/* Begin PBXProject section */
		EBB91D4F1BDCFA9C00C2DF3E /* Project object */ = {
			isa = PBXProject;
			attributes = {
				LastSwiftUpdateCheck = 0710;
				LastUpgradeCheck = 0710;
				ORGANIZATIONNAME = Donggu;
				TargetAttributes = {
					EBB91D561BDCFA9C00C2DF3E = {
						CreatedOnToolsVersion = 7.1;
						DevelopmentTeam = L9RXQ34KZ8;
					};
					EBB91D6A1BDCFA9C00C2DF3E = {
						CreatedOnToolsVersion = 7.1;
						TestTargetID = EBB91D561BDCFA9C00C2DF3E;
					};
					EBB91D751BDCFA9C00C2DF3E = {
						CreatedOnToolsVersion = 7.1;
						TestTargetID = EBB91D561BDCFA9C00C2DF3E;
					};
				};
			};
			buildConfigurationList = EBB91D521BDCFA9C00C2DF3E /* Build configuration list for PBXProject "STTableBoard" */;
			compatibilityVersion = "Xcode 3.2";
			developmentRegion = English;
			hasScannedForEncodings = 0;
			knownRegions = (
				en,
				Base,
			);
			mainGroup = EBB91D4E1BDCFA9C00C2DF3E;
			productRefGroup = EBB91D581BDCFA9C00C2DF3E /* Products */;
			projectDirPath = "";
			projectRoot = "";
			targets = (
				EBB91D561BDCFA9C00C2DF3E /* STTableBoard */,
				EBB91D6A1BDCFA9C00C2DF3E /* STTableBoardTests */,
				EBB91D751BDCFA9C00C2DF3E /* STTableBoardUITests */,
			);
		};
/* End PBXProject section */

/* Begin PBXResourcesBuildPhase section */
		EBB91D551BDCFA9C00C2DF3E /* Resources */ = {
			isa = PBXResourcesBuildPhase;
			buildActionMask = 2147483647;
			files = (
				EBB91D651BDCFA9C00C2DF3E /* LaunchScreen.storyboard in Resources */,
				EBB91D621BDCFA9C00C2DF3E /* Assets.xcassets in Resources */,
				EBB91D601BDCFA9C00C2DF3E /* Main.storyboard in Resources */,
			);
			runOnlyForDeploymentPostprocessing = 0;
		};
		EBB91D691BDCFA9C00C2DF3E /* Resources */ = {
			isa = PBXResourcesBuildPhase;
			buildActionMask = 2147483647;
			files = (
			);
			runOnlyForDeploymentPostprocessing = 0;
		};
		EBB91D741BDCFA9C00C2DF3E /* Resources */ = {
			isa = PBXResourcesBuildPhase;
			buildActionMask = 2147483647;
			files = (
			);
			runOnlyForDeploymentPostprocessing = 0;
		};
/* End PBXResourcesBuildPhase section */

/* Begin PBXSourcesBuildPhase section */
		EBB91D531BDCFA9C00C2DF3E /* Sources */ = {
			isa = PBXSourcesBuildPhase;
			buildActionMask = 2147483647;
			files = (
				EB9B3EE91C059FEC006DA5D9 /* STShadowTableView.swift in Sources */,
				EBB0AB8A1C0437C500B3DA5E /* STIndexPath.swift in Sources */,
				EB6206861C05903F003171A0 /* STBoardView.swift in Sources */,
				EB4194781C02C2DA00D42DF0 /* UIViewExtension.swift in Sources */,
				EB055D9C1BDF490C00846C99 /* STTableBoard.swift in Sources */,
				EBB91D5D1BDCFA9C00C2DF3E /* ViewController.swift in Sources */,
				EBB0AB861C04358A00B3DA5E /* STTableBoardDelegate.swift in Sources */,
				EB6590291C06B9F2001D335B /* constant.swift in Sources */,
				EBB91D5B1BDCFA9C00C2DF3E /* AppDelegate.swift in Sources */,
				EB721AF11C05B27200386D65 /* UIColor+ChineseColor.swift in Sources */,
				EB9B3EE71C0598E7006DA5D9 /* BoardViewController.swift in Sources */,
				EB6590271C06B141001D335B /* STBoardCell.swift in Sources */,
			);
			runOnlyForDeploymentPostprocessing = 0;
		};
		EBB91D671BDCFA9C00C2DF3E /* Sources */ = {
			isa = PBXSourcesBuildPhase;
			buildActionMask = 2147483647;
			files = (
				EBB91D701BDCFA9C00C2DF3E /* STTableBoardTests.swift in Sources */,
			);
			runOnlyForDeploymentPostprocessing = 0;
		};
		EBB91D721BDCFA9C00C2DF3E /* Sources */ = {
			isa = PBXSourcesBuildPhase;
			buildActionMask = 2147483647;
			files = (
				EBB91D7B1BDCFA9C00C2DF3E /* STTableBoardUITests.swift in Sources */,
			);
			runOnlyForDeploymentPostprocessing = 0;
		};
/* End PBXSourcesBuildPhase section */

/* Begin PBXTargetDependency section */
		EBB91D6D1BDCFA9C00C2DF3E /* PBXTargetDependency */ = {
			isa = PBXTargetDependency;
			target = EBB91D561BDCFA9C00C2DF3E /* STTableBoard */;
			targetProxy = EBB91D6C1BDCFA9C00C2DF3E /* PBXContainerItemProxy */;
		};
		EBB91D781BDCFA9C00C2DF3E /* PBXTargetDependency */ = {
			isa = PBXTargetDependency;
			target = EBB91D561BDCFA9C00C2DF3E /* STTableBoard */;
			targetProxy = EBB91D771BDCFA9C00C2DF3E /* PBXContainerItemProxy */;
		};
/* End PBXTargetDependency section */

/* Begin PBXVariantGroup section */
		EBB91D5E1BDCFA9C00C2DF3E /* Main.storyboard */ = {
			isa = PBXVariantGroup;
			children = (
				EBB91D5F1BDCFA9C00C2DF3E /* Base */,
			);
			name = Main.storyboard;
			sourceTree = "<group>";
		};
		EBB91D631BDCFA9C00C2DF3E /* LaunchScreen.storyboard */ = {
			isa = PBXVariantGroup;
			children = (
				EBB91D641BDCFA9C00C2DF3E /* Base */,
			);
			name = LaunchScreen.storyboard;
			sourceTree = "<group>";
		};
/* End PBXVariantGroup section */

/* Begin XCBuildConfiguration section */
		EBB91D7D1BDCFA9C00C2DF3E /* Debug */ = {
			isa = XCBuildConfiguration;
			buildSettings = {
				ALWAYS_SEARCH_USER_PATHS = NO;
				CLANG_CXX_LANGUAGE_STANDARD = "gnu++0x";
				CLANG_CXX_LIBRARY = "libc++";
				CLANG_ENABLE_MODULES = YES;
				CLANG_ENABLE_OBJC_ARC = YES;
				CLANG_WARN_BOOL_CONVERSION = YES;
				CLANG_WARN_CONSTANT_CONVERSION = YES;
				CLANG_WARN_DIRECT_OBJC_ISA_USAGE = YES_ERROR;
				CLANG_WARN_EMPTY_BODY = YES;
				CLANG_WARN_ENUM_CONVERSION = YES;
				CLANG_WARN_INT_CONVERSION = YES;
				CLANG_WARN_OBJC_ROOT_CLASS = YES_ERROR;
				CLANG_WARN_UNREACHABLE_CODE = YES;
				CLANG_WARN__DUPLICATE_METHOD_MATCH = YES;
				"CODE_SIGN_IDENTITY[sdk=iphoneos*]" = "iPhone Developer";
				COPY_PHASE_STRIP = NO;
				DEBUG_INFORMATION_FORMAT = dwarf;
				ENABLE_STRICT_OBJC_MSGSEND = YES;
				ENABLE_TESTABILITY = YES;
				GCC_C_LANGUAGE_STANDARD = gnu99;
				GCC_DYNAMIC_NO_PIC = NO;
				GCC_NO_COMMON_BLOCKS = YES;
				GCC_OPTIMIZATION_LEVEL = 0;
				GCC_PREPROCESSOR_DEFINITIONS = (
					"DEBUG=1",
					"$(inherited)",
				);
				GCC_WARN_64_TO_32_BIT_CONVERSION = YES;
				GCC_WARN_ABOUT_RETURN_TYPE = YES_ERROR;
				GCC_WARN_UNDECLARED_SELECTOR = YES;
				GCC_WARN_UNINITIALIZED_AUTOS = YES_AGGRESSIVE;
				GCC_WARN_UNUSED_FUNCTION = YES;
				GCC_WARN_UNUSED_VARIABLE = YES;
				IPHONEOS_DEPLOYMENT_TARGET = 9.1;
				MTL_ENABLE_DEBUG_INFO = YES;
				ONLY_ACTIVE_ARCH = YES;
				SDKROOT = iphoneos;
				SWIFT_OPTIMIZATION_LEVEL = "-Onone";
			};
			name = Debug;
		};
		EBB91D7E1BDCFA9C00C2DF3E /* Release */ = {
			isa = XCBuildConfiguration;
			buildSettings = {
				ALWAYS_SEARCH_USER_PATHS = NO;
				CLANG_CXX_LANGUAGE_STANDARD = "gnu++0x";
				CLANG_CXX_LIBRARY = "libc++";
				CLANG_ENABLE_MODULES = YES;
				CLANG_ENABLE_OBJC_ARC = YES;
				CLANG_WARN_BOOL_CONVERSION = YES;
				CLANG_WARN_CONSTANT_CONVERSION = YES;
				CLANG_WARN_DIRECT_OBJC_ISA_USAGE = YES_ERROR;
				CLANG_WARN_EMPTY_BODY = YES;
				CLANG_WARN_ENUM_CONVERSION = YES;
				CLANG_WARN_INT_CONVERSION = YES;
				CLANG_WARN_OBJC_ROOT_CLASS = YES_ERROR;
				CLANG_WARN_UNREACHABLE_CODE = YES;
				CLANG_WARN__DUPLICATE_METHOD_MATCH = YES;
				"CODE_SIGN_IDENTITY[sdk=iphoneos*]" = "iPhone Developer";
				COPY_PHASE_STRIP = NO;
				DEBUG_INFORMATION_FORMAT = "dwarf-with-dsym";
				ENABLE_NS_ASSERTIONS = NO;
				ENABLE_STRICT_OBJC_MSGSEND = YES;
				GCC_C_LANGUAGE_STANDARD = gnu99;
				GCC_NO_COMMON_BLOCKS = YES;
				GCC_WARN_64_TO_32_BIT_CONVERSION = YES;
				GCC_WARN_ABOUT_RETURN_TYPE = YES_ERROR;
				GCC_WARN_UNDECLARED_SELECTOR = YES;
				GCC_WARN_UNINITIALIZED_AUTOS = YES_AGGRESSIVE;
				GCC_WARN_UNUSED_FUNCTION = YES;
				GCC_WARN_UNUSED_VARIABLE = YES;
				IPHONEOS_DEPLOYMENT_TARGET = 9.1;
				MTL_ENABLE_DEBUG_INFO = NO;
				SDKROOT = iphoneos;
				VALIDATE_PRODUCT = YES;
			};
			name = Release;
		};
		EBB91D801BDCFA9C00C2DF3E /* Debug */ = {
			isa = XCBuildConfiguration;
			buildSettings = {
				ASSETCATALOG_COMPILER_APPICON_NAME = AppIcon;
				CODE_SIGN_IDENTITY = "iPhone Developer";
				INFOPLIST_FILE = STTableBoard/Info.plist;
				LD_RUNPATH_SEARCH_PATHS = "$(inherited) @executable_path/Frameworks";
				PRODUCT_BUNDLE_IDENTIFIER = com.Donggu.STTableBoard;
				PRODUCT_NAME = "$(TARGET_NAME)";
			};
			name = Debug;
		};
		EBB91D811BDCFA9C00C2DF3E /* Release */ = {
			isa = XCBuildConfiguration;
			buildSettings = {
				ASSETCATALOG_COMPILER_APPICON_NAME = AppIcon;
				CODE_SIGN_IDENTITY = "iPhone Developer";
				INFOPLIST_FILE = STTableBoard/Info.plist;
				LD_RUNPATH_SEARCH_PATHS = "$(inherited) @executable_path/Frameworks";
				PRODUCT_BUNDLE_IDENTIFIER = com.Donggu.STTableBoard;
				PRODUCT_NAME = "$(TARGET_NAME)";
			};
			name = Release;
		};
		EBB91D831BDCFA9C00C2DF3E /* Debug */ = {
			isa = XCBuildConfiguration;
			buildSettings = {
				BUNDLE_LOADER = "$(TEST_HOST)";
				INFOPLIST_FILE = STTableBoardTests/Info.plist;
				LD_RUNPATH_SEARCH_PATHS = "$(inherited) @executable_path/Frameworks @loader_path/Frameworks";
				PRODUCT_BUNDLE_IDENTIFIER = com.Donggu.STTableBoardTests;
				PRODUCT_NAME = "$(TARGET_NAME)";
				TEST_HOST = "$(BUILT_PRODUCTS_DIR)/STTableBoard.app/STTableBoard";
			};
			name = Debug;
		};
		EBB91D841BDCFA9C00C2DF3E /* Release */ = {
			isa = XCBuildConfiguration;
			buildSettings = {
				BUNDLE_LOADER = "$(TEST_HOST)";
				INFOPLIST_FILE = STTableBoardTests/Info.plist;
				LD_RUNPATH_SEARCH_PATHS = "$(inherited) @executable_path/Frameworks @loader_path/Frameworks";
				PRODUCT_BUNDLE_IDENTIFIER = com.Donggu.STTableBoardTests;
				PRODUCT_NAME = "$(TARGET_NAME)";
				TEST_HOST = "$(BUILT_PRODUCTS_DIR)/STTableBoard.app/STTableBoard";
			};
			name = Release;
		};
		EBB91D861BDCFA9C00C2DF3E /* Debug */ = {
			isa = XCBuildConfiguration;
			buildSettings = {
				INFOPLIST_FILE = STTableBoardUITests/Info.plist;
				LD_RUNPATH_SEARCH_PATHS = "$(inherited) @executable_path/Frameworks @loader_path/Frameworks";
				PRODUCT_BUNDLE_IDENTIFIER = com.Donggu.STTableBoardUITests;
				PRODUCT_NAME = "$(TARGET_NAME)";
				TEST_TARGET_NAME = STTableBoard;
				USES_XCTRUNNER = YES;
			};
			name = Debug;
		};
		EBB91D871BDCFA9C00C2DF3E /* Release */ = {
			isa = XCBuildConfiguration;
			buildSettings = {
				INFOPLIST_FILE = STTableBoardUITests/Info.plist;
				LD_RUNPATH_SEARCH_PATHS = "$(inherited) @executable_path/Frameworks @loader_path/Frameworks";
				PRODUCT_BUNDLE_IDENTIFIER = com.Donggu.STTableBoardUITests;
				PRODUCT_NAME = "$(TARGET_NAME)";
				TEST_TARGET_NAME = STTableBoard;
				USES_XCTRUNNER = YES;
			};
			name = Release;
		};
/* End XCBuildConfiguration section */

/* Begin XCConfigurationList section */
		EBB91D521BDCFA9C00C2DF3E /* Build configuration list for PBXProject "STTableBoard" */ = {
			isa = XCConfigurationList;
			buildConfigurations = (
				EBB91D7D1BDCFA9C00C2DF3E /* Debug */,
				EBB91D7E1BDCFA9C00C2DF3E /* Release */,
			);
			defaultConfigurationIsVisible = 0;
			defaultConfigurationName = Release;
		};
		EBB91D7F1BDCFA9C00C2DF3E /* Build configuration list for PBXNativeTarget "STTableBoard" */ = {
			isa = XCConfigurationList;
			buildConfigurations = (
				EBB91D801BDCFA9C00C2DF3E /* Debug */,
				EBB91D811BDCFA9C00C2DF3E /* Release */,
			);
			defaultConfigurationIsVisible = 0;
			defaultConfigurationName = Release;
		};
		EBB91D821BDCFA9C00C2DF3E /* Build configuration list for PBXNativeTarget "STTableBoardTests" */ = {
			isa = XCConfigurationList;
			buildConfigurations = (
				EBB91D831BDCFA9C00C2DF3E /* Debug */,
				EBB91D841BDCFA9C00C2DF3E /* Release */,
			);
			defaultConfigurationIsVisible = 0;
			defaultConfigurationName = Release;
		};
		EBB91D851BDCFA9C00C2DF3E /* Build configuration list for PBXNativeTarget "STTableBoardUITests" */ = {
			isa = XCConfigurationList;
			buildConfigurations = (
				EBB91D861BDCFA9C00C2DF3E /* Debug */,
				EBB91D871BDCFA9C00C2DF3E /* Release */,
			);
			defaultConfigurationIsVisible = 0;
			defaultConfigurationName = Release;
		};
/* End XCConfigurationList section */
	};
	rootObject = EBB91D4F1BDCFA9C00C2DF3E /* Project object */;
}
